// !$*UTF8*$!
{
	archiveVersion = 1;
	classes = {
	};
	objectVersion = 46;
	objects = {

/* Begin PBXBuildFile section */
		ACE189181F872EDB00B3652F /* main.cpp in Sources */ = {isa = PBXBuildFile; fileRef = ACE189171F872EDB00B3652F /* main.cpp */; };
		ACE189201F872F7600B3652F /* Class.cpp in Sources */ = {isa = PBXBuildFile; fileRef = ACE1891E1F872F7600B3652F /* Class.cpp */; };
/* End PBXBuildFile section */

/* Begin PBXCopyFilesBuildPhase section */
		ACE189121F872EDB00B3652F /* CopyFiles */ = {
			isa = PBXCopyFilesBuildPhase;
			buildActionMask = 2147483647;
			dstPath = /usr/share/man/man1/;
			dstSubfolderSpec = 0;
			files = (
			);
			runOnlyForDeploymentPostprocessing = 1;
		};
/* End PBXCopyFilesBuildPhase section */

/* Begin PBXFileReference section */
		ACE189141F872EDB00B3652F /* hw3 0002 */ = {isa = PBXFileReference; explicitFileType = "compiled.mach-o.executable"; includeInIndex = 0; path = "hw3 0002"; sourceTree = BUILT_PRODUCTS_DIR; };
		ACE189171F872EDB00B3652F /* main.cpp */ = {isa = PBXFileReference; lastKnownFileType = sourcecode.cpp.cpp; path = main.cpp; sourceTree = "<group>"; };
		ACE1891E1F872F7600B3652F /* Class.cpp */ = {isa = PBXFileReference; fileEncoding = 4; lastKnownFileType = sourcecode.cpp.cpp; path = Class.cpp; sourceTree = "<group>"; };
		ACE1891F1F872F7600B3652F /* Class.hpp */ = {isa = PBXFileReference; fileEncoding = 4; lastKnownFileType = sourcecode.cpp.h; path = Class.hpp; sourceTree = "<group>"; };
/* End PBXFileReference section */

/* Begin PBXFrameworksBuildPhase section */
		ACE189111F872EDB00B3652F /* Frameworks */ = {
			isa = PBXFrameworksBuildPhase;
			buildActionMask = 2147483647;
			files = (
			);
			runOnlyForDeploymentPostprocessing = 0;
		};
/* End PBXFrameworksBuildPhase section */

/* Begin PBXGroup section */
		ACE1890B1F872EDB00B3652F = {
			isa = PBXGroup;
			children = (
				ACE189161F872EDB00B3652F /* hw3 0002 */,
				ACE189151F872EDB00B3652F /* Products */,
			);
			sourceTree = "<group>";
		};
		ACE189151F872EDB00B3652F /* Products */ = {
			isa = PBXGroup;
			children = (
				ACE189141F872EDB00B3652F /* hw3 0002 */,
			);
			name = Products;
			sourceTree = "<group>";
		};
		ACE189161F872EDB00B3652F /* hw3 0002 */ = {
			isa = PBXGroup;
			children = (
				ACE189171F872EDB00B3652F /* main.cpp */,
				ACE1891E1F872F7600B3652F /* Class.cpp */,
				ACE1891F1F872F7600B3652F /* Class.hpp */,
			);
			path = "hw3 0002";
			sourceTree = "<group>";
		};
/* End PBXGroup section */

/* Begin PBXNativeTarget section */
		ACE189131F872EDB00B3652F /* hw3 0002 */ = {
			isa = PBXNativeTarget;
			buildConfigurationList = ACE1891B1F872EDB00B3652F /* Build configuration list for PBXNativeTarget "hw3 0002" */;
			buildPhases = (
				ACE189101F872EDB00B3652F /* Sources */,
				ACE189111F872EDB00B3652F /* Frameworks */,
				ACE189121F872EDB00B3652F /* CopyFiles */,
			);
			buildRules = (
			);
			dependencies = (
			);
			name = "hw3 0002";
			productName = "hw3 0002";
			productReference = ACE189141F872EDB00B3652F /* hw3 0002 */;
			productType = "com.apple.product-type.tool";
		};
/* End PBXNativeTarget section */

/* Begin PBXProject section */
		ACE1890C1F872EDB00B3652F /* Project object */ = {
			isa = PBXProject;
			attributes = {
				LastUpgradeCheck = 0830;
				ORGANIZATIONNAME = "陈贝茜";
				TargetAttributes = {
					ACE189131F872EDB00B3652F = {
						CreatedOnToolsVersion = 8.3.3;
						DevelopmentTeam = YQR6A4BD9P;
						ProvisioningStyle = Automatic;
					};
				};
			};
			buildConfigurationList = ACE1890F1F872EDB00B3652F /* Build configuration list for PBXProject "hw3 0002" */;
			compatibilityVersion = "Xcode 3.2";
			developmentRegion = English;
			hasScannedForEncodings = 0;
			knownRegions = (
				en,
			);
			mainGroup = ACE1890B1F872EDB00B3652F;
			productRefGroup = ACE189151F872EDB00B3652F /* Products */;
			projectDirPath = "";
			projectRoot = "";
			targets = (
				ACE189131F872EDB00B3652F /* hw3 0002 */,
			);
		};
/* End PBXProject section */

/* Begin PBXSourcesBuildPhase section */
		ACE189101F872EDB00B3652F /* Sources */ = {
			isa = PBXSourcesBuildPhase;
			buildActionMask = 2147483647;
			files = (
				ACE189201F872F7600B3652F /* Class.cpp in Sources */,
				ACE189181F872EDB00B3652F /* main.cpp in Sources */,
			);
			runOnlyForDeploymentPostprocessing = 0;
		};
/* End PBXSourcesBuildPhase section */

/* Begin XCBuildConfiguration section */
		ACE189191F872EDB00B3652F /* Debug */ = {
			isa = XCBuildConfiguration;
			buildSettings = {
				ALWAYS_SEARCH_USER_PATHS = NO;
				CLANG_ANALYZER_NONNULL = YES;
				CLANG_ANALYZER_NUMBER_OBJECT_CONVERSION = YES_AGGRESSIVE;
				CLANG_CXX_LANGUAGE_STANDARD = "gnu++0x";
				CLANG_CXX_LIBRARY = "libc++";
				CLANG_ENABLE_MODULES = YES;
				CLANG_ENABLE_OBJC_ARC = YES;
				CLANG_WARN_BOOL_CONVERSION = YES;
				CLANG_WARN_CONSTANT_CONVERSION = YES;
				CLANG_WARN_DIRECT_OBJC_ISA_USAGE = YES_ERROR;
				CLANG_WARN_DOCUMENTATION_COMMENTS = YES;
				CLANG_WARN_EMPTY_BODY = YES;
				CLANG_WARN_ENUM_CONVERSION = YES;
				CLANG_WARN_INFINITE_RECURSION = YES;
				CLANG_WARN_INT_CONVERSION = YES;
				CLANG_WARN_OBJC_ROOT_CLASS = YES_ERROR;
				CLANG_WARN_SUSPICIOUS_MOVE = YES;
				CLANG_WARN_UNREACHABLE_CODE = YES;
				CLANG_WARN__DUPLICATE_METHOD_MATCH = YES;
				CODE_SIGN_IDENTITY = "-";
				COPY_PHASE_STRIP = NO;
				DEBUG_INFORMATION_FORMAT = dwarf;
				ENABLE_STRICT_OBJC_MSGSEND = YES;
				ENABLE_TESTABILITY = YES;
				GCC_C_LANGUAGE_STANDARD = gnu99;
				GCC_DYNAMIC_NO_PIC = NO;
				GCC_NO_COMMON_BLOCKS = YES;
				GCC_OPTIMIZATION_LEVEL = 0;
				GCC_PREPROCESSOR_DEFINITIONS = (
					"DEBUG=1",
					"$(inherited)",
				);
				GCC_WARN_64_TO_32_BIT_CONVERSION = YES;
				GCC_WARN_ABOUT_RETURN_TYPE = YES_ERROR;
				GCC_WARN_UNDECLARED_SELECTOR = YES;
				GCC_WARN_UNINITIALIZED_AUTOS = YES_AGGRESSIVE;
				GCC_WARN_UNUSED_FUNCTION = YES;
				GCC_WARN_UNUSED_VARIABLE = YES;
				MACOSX_DEPLOYMENT_TARGET = 10.12;
				MTL_ENABLE_DEBUG_INFO = YES;
				ONLY_ACTIVE_ARCH = YES;
				SDKROOT = macosx;
			};
			name = Debug;
		};
		ACE1891A1F872EDB00B3652F /* Release */ = {
			isa = XCBuildConfiguration;
			buildSettings = {
				ALWAYS_SEARCH_USER_PATHS = NO;
				CLANG_ANALYZER_NONNULL = YES;
				CLANG_ANALYZER_NUMBER_OBJECT_CONVERSION = YES_AGGRESSIVE;
				CLANG_CXX_LANGUAGE_STANDARD = "gnu++0x";
				CLANG_CXX_LIBRARY = "libc++";
				CLANG_ENABLE_MODULES = YES;
				CLANG_ENABLE_OBJC_ARC = YES;
				CLANG_WARN_BOOL_CONVERSION = YES;
				CLANG_WARN_CONSTANT_CONVERSION = YES;
				CLANG_WARN_DIRECT_OBJC_ISA_USAGE = YES_ERROR;
				CLANG_WARN_DOCUMENTATION_COMMENTS = YES;
				CLANG_WARN_EMPTY_BODY = YES;
				CLANG_WARN_ENUM_CONVERSION = YES;
				CLANG_WARN_INFINITE_RECURSION = YES;
				CLANG_WARN_INT_CONVERSION = YES;
				CLANG_WARN_OBJC_ROOT_CLASS = YES_ERROR;
				CLANG_WARN_SUSPICIOUS_MOVE = YES;
				CLANG_WARN_UNREACHABLE_CODE = YES;
				CLANG_WARN__DUPLICATE_METHOD_MATCH = YES;
				CODE_SIGN_IDENTITY = "-";
				COPY_PHASE_STRIP = NO;
				DEBUG_INFORMATION_FORMAT = "dwarf-with-dsym";
				ENABLE_NS_ASSERTIONS = NO;
				ENABLE_STRICT_OBJC_MSGSEND = YES;
				GCC_C_LANGUAGE_STANDARD = gnu99;
				GCC_NO_COMMON_BLOCKS = YES;
				GCC_WARN_64_TO_32_BIT_CONVERSION = YES;
				GCC_WARN_ABOUT_RETURN_TYPE = YES_ERROR;
				GCC_WARN_UNDECLARED_SELECTOR = YES;
				GCC_WARN_UNINITIALIZED_AUTOS = YES_AGGRESSIVE;
				GCC_WARN_UNUSED_FUNCTION = YES;
				GCC_WARN_UNUSED_VARIABLE = YES;
				MACOSX_DEPLOYMENT_TARGET = 10.12;
				MTL_ENABLE_DEBUG_INFO = NO;
				SDKROOT = macosx;
			};
			name = Release;
		};
		ACE1891C1F872EDB00B3652F /* Debug */ = {
			isa = XCBuildConfiguration;
			buildSettings = {
				DEVELOPMENT_TEAM = YQR6A4BD9P;
				PRODUCT_NAME = "$(TARGET_NAME)";
			};
			name = Debug;
		};
		ACE1891D1F872EDB00B3652F /* Release */ = {
			isa = XCBuildConfiguration;
			buildSettings = {
				DEVELOPMENT_TEAM = YQR6A4BD9P;
				PRODUCT_NAME = "$(TARGET_NAME)";
			};
			name = Release;
		};
/* End XCBuildConfiguration section */

/* Begin XCConfigurationList section */
		ACE1890F1F872EDB00B3652F /* Build configuration list for PBXProject "hw3 0002" */ = {
			isa = XCConfigurationList;
			buildConfigurations = (
				ACE189191F872EDB00B3652F /* Debug */,
				ACE1891A1F872EDB00B3652F /* Release */,
			);
			defaultConfigurationIsVisible = 0;
			defaultConfigurationName = Release;
		};
		ACE1891B1F872EDB00B3652F /* Build configuration list for PBXNativeTarget "hw3 0002" */ = {
			isa = XCConfigurationList;
			buildConfigurations = (
				ACE1891C1F872EDB00B3652F /* Debug */,
				ACE1891D1F872EDB00B3652F /* Release */,
			);
			defaultConfigurationIsVisible = 0;
		};
/* End XCConfigurationList section */
	};
	rootObject = ACE1890C1F872EDB00B3652F /* Project object */;
}
